// !$*UTF8*$!
{
	archiveVersion = 1;
	classes = {
	};
	objectVersion = 48;
	objects = {

/* Begin PBXBuildFile section */
		714FE49F1FB30A0800F1B750 /* AppDelegate.swift in Sources */ = {isa = PBXBuildFile; fileRef = 714FE49E1FB30A0800F1B750 /* AppDelegate.swift */; };
		714FE4A11FB30A0800F1B750 /* ViewController.swift in Sources */ = {isa = PBXBuildFile; fileRef = 714FE4A01FB30A0800F1B750 /* ViewController.swift */; };
		714FE4A41FB30A0800F1B750 /* Main.storyboard in Resources */ = {isa = PBXBuildFile; fileRef = 714FE4A21FB30A0800F1B750 /* Main.storyboard */; };
		714FE4A61FB30A0800F1B750 /* Assets.xcassets in Resources */ = {isa = PBXBuildFile; fileRef = 714FE4A51FB30A0800F1B750 /* Assets.xcassets */; };
		714FE4A91FB30A0800F1B750 /* LaunchScreen.storyboard in Resources */ = {isa = PBXBuildFile; fileRef = 714FE4A71FB30A0800F1B750 /* LaunchScreen.storyboard */; };
		714FE4B11FB30A6600F1B750 /* CustomCell.xib in Resources */ = {isa = PBXBuildFile; fileRef = 714FE4B01FB30A6600F1B750 /* CustomCell.xib */; };
		714FE4B31FB30A9300F1B750 /* CustomCell.swift in Sources */ = {isa = PBXBuildFile; fileRef = 714FE4B21FB30A9300F1B750 /* CustomCell.swift */; };
		714FE4B51FB30AD000F1B750 /* SubClassCellA.swift in Sources */ = {isa = PBXBuildFile; fileRef = 714FE4B41FB30AD000F1B750 /* SubClassCellA.swift */; };
		714FE4B71FB30AE800F1B750 /* SubClassCellB.swift in Sources */ = {isa = PBXBuildFile; fileRef = 714FE4B61FB30AE800F1B750 /* SubClassCellB.swift */; };
/* End PBXBuildFile section */

/* Begin PBXFileReference section */
		714FE49B1FB30A0800F1B750 /* subclass-uitableviewcell.app */ = {isa = PBXFileReference; explicitFileType = wrapper.application; includeInIndex = 0; path = "subclass-uitableviewcell.app"; sourceTree = BUILT_PRODUCTS_DIR; };
		714FE49E1FB30A0800F1B750 /* AppDelegate.swift */ = {isa = PBXFileReference; lastKnownFileType = sourcecode.swift; path = AppDelegate.swift; sourceTree = "<group>"; };
		714FE4A01FB30A0800F1B750 /* ViewController.swift */ = {isa = PBXFileReference; lastKnownFileType = sourcecode.swift; path = ViewController.swift; sourceTree = "<group>"; };
		714FE4A31FB30A0800F1B750 /* Base */ = {isa = PBXFileReference; lastKnownFileType = file.storyboard; name = Base; path = Base.lproj/Main.storyboard; sourceTree = "<group>"; };
		714FE4A51FB30A0800F1B750 /* Assets.xcassets */ = {isa = PBXFileReference; lastKnownFileType = folder.assetcatalog; path = Assets.xcassets; sourceTree = "<group>"; };
		714FE4A81FB30A0800F1B750 /* Base */ = {isa = PBXFileReference; lastKnownFileType = file.storyboard; name = Base; path = Base.lproj/LaunchScreen.storyboard; sourceTree = "<group>"; };
		714FE4AA1FB30A0800F1B750 /* Info.plist */ = {isa = PBXFileReference; lastKnownFileType = text.plist.xml; path = Info.plist; sourceTree = "<group>"; };
		714FE4B01FB30A6600F1B750 /* CustomCell.xib */ = {isa = PBXFileReference; lastKnownFileType = file.xib; path = CustomCell.xib; sourceTree = "<group>"; };
		714FE4B21FB30A9300F1B750 /* CustomCell.swift */ = {isa = PBXFileReference; lastKnownFileType = sourcecode.swift; path = CustomCell.swift; sourceTree = "<group>"; };
		714FE4B41FB30AD000F1B750 /* SubClassCellA.swift */ = {isa = PBXFileReference; lastKnownFileType = sourcecode.swift; path = SubClassCellA.swift; sourceTree = "<group>"; };
		714FE4B61FB30AE800F1B750 /* SubClassCellB.swift */ = {isa = PBXFileReference; lastKnownFileType = sourcecode.swift; path = SubClassCellB.swift; sourceTree = "<group>"; };
/* End PBXFileReference section */

/* Begin PBXFrameworksBuildPhase section */
		714FE4981FB30A0800F1B750 /* Frameworks */ = {
			isa = PBXFrameworksBuildPhase;
			buildActionMask = 2147483647;
			files = (
			);
			runOnlyForDeploymentPostprocessing = 0;
		};
/* End PBXFrameworksBuildPhase section */

/* Begin PBXGroup section */
		714FE4921FB30A0800F1B750 = {
			isa = PBXGroup;
			children = (
				714FE49D1FB30A0800F1B750 /* subclass-uitableviewcell */,
				714FE49C1FB30A0800F1B750 /* Products */,
			);
			sourceTree = "<group>";
		};
		714FE49C1FB30A0800F1B750 /* Products */ = {
			isa = PBXGroup;
			children = (
				714FE49B1FB30A0800F1B750 /* subclass-uitableviewcell.app */,
			);
			name = Products;
			sourceTree = "<group>";
		};
		714FE49D1FB30A0800F1B750 /* subclass-uitableviewcell */ = {
			isa = PBXGroup;
			children = (
				714FE49E1FB30A0800F1B750 /* AppDelegate.swift */,
				714FE4A01FB30A0800F1B750 /* ViewController.swift */,
				714FE4A21FB30A0800F1B750 /* Main.storyboard */,
				714FE4A51FB30A0800F1B750 /* Assets.xcassets */,
				714FE4A71FB30A0800F1B750 /* LaunchScreen.storyboard */,
				714FE4AA1FB30A0800F1B750 /* Info.plist */,
				714FE4B01FB30A6600F1B750 /* CustomCell.xib */,
				714FE4B21FB30A9300F1B750 /* CustomCell.swift */,
				714FE4B41FB30AD000F1B750 /* SubClassCellA.swift */,
				714FE4B61FB30AE800F1B750 /* SubClassCellB.swift */,
			);
			path = "subclass-uitableviewcell";
			sourceTree = "<group>";
		};
/* End PBXGroup section */

/* Begin PBXNativeTarget section */
		714FE49A1FB30A0800F1B750 /* subclass-uitableviewcell */ = {
			isa = PBXNativeTarget;
			buildConfigurationList = 714FE4AD1FB30A0800F1B750 /* Build configuration list for PBXNativeTarget "subclass-uitableviewcell" */;
			buildPhases = (
				714FE4971FB30A0800F1B750 /* Sources */,
				714FE4981FB30A0800F1B750 /* Frameworks */,
				714FE4991FB30A0800F1B750 /* Resources */,
			);
			buildRules = (
			);
			dependencies = (
			);
			name = "subclass-uitableviewcell";
			productName = "subclass-uitableviewcell";
			productReference = 714FE49B1FB30A0800F1B750 /* subclass-uitableviewcell.app */;
			productType = "com.apple.product-type.application";
		};
/* End PBXNativeTarget section */

/* Begin PBXProject section */
		714FE4931FB30A0800F1B750 /* Project object */ = {
			isa = PBXProject;
			attributes = {
				LastSwiftUpdateCheck = 0910;
				LastUpgradeCheck = 0910;
				ORGANIZATIONNAME = "Tuan Nguyen";
				TargetAttributes = {
					714FE49A1FB30A0800F1B750 = {
						CreatedOnToolsVersion = 9.1;
						ProvisioningStyle = Automatic;
					};
				};
			};
			buildConfigurationList = 714FE4961FB30A0800F1B750 /* Build configuration list for PBXProject "subclass-uitableviewcell" */;
			compatibilityVersion = "Xcode 8.0";
			developmentRegion = en;
			hasScannedForEncodings = 0;
			knownRegions = (
				en,
				Base,
			);
			mainGroup = 714FE4921FB30A0800F1B750;
			productRefGroup = 714FE49C1FB30A0800F1B750 /* Products */;
			projectDirPath = "";
			projectRoot = "";
			targets = (
				714FE49A1FB30A0800F1B750 /* subclass-uitableviewcell */,
			);
		};
/* End PBXProject section */

/* Begin PBXResourcesBuildPhase section */
		714FE4991FB30A0800F1B750 /* Resources */ = {
			isa = PBXResourcesBuildPhase;
			buildActionMask = 2147483647;
			files = (
				714FE4A91FB30A0800F1B750 /* LaunchScreen.storyboard in Resources */,
				714FE4A61FB30A0800F1B750 /* Assets.xcassets in Resources */,
				714FE4B11FB30A6600F1B750 /* CustomCell.xib in Resources */,
				714FE4A41FB30A0800F1B750 /* Main.storyboard in Resources */,
			);
			runOnlyForDeploymentPostprocessing = 0;
		};
/* End PBXResourcesBuildPhase section */

/* Begin PBXSourcesBuildPhase section */
		714FE4971FB30A0800F1B750 /* Sources */ = {
			isa = PBXSourcesBuildPhase;
			buildActionMask = 2147483647;
			files = (
				714FE4A11FB30A0800F1B750 /* ViewController.swift in Sources */,
				714FE4B31FB30A9300F1B750 /* CustomCell.swift in Sources */,
				714FE49F1FB30A0800F1B750 /* AppDelegate.swift in Sources */,
				714FE4B71FB30AE800F1B750 /* SubClassCellB.swift in Sources */,
				714FE4B51FB30AD000F1B750 /* SubClassCellA.swift in Sources */,
			);
			runOnlyForDeploymentPostprocessing = 0;
		};
/* End PBXSourcesBuildPhase section */

/* Begin PBXVariantGroup section */
		714FE4A21FB30A0800F1B750 /* Main.storyboard */ = {
			isa = PBXVariantGroup;
			children = (
				714FE4A31FB30A0800F1B750 /* Base */,
			);
			name = Main.storyboard;
			sourceTree = "<group>";
		};
		714FE4A71FB30A0800F1B750 /* LaunchScreen.storyboard */ = {
			isa = PBXVariantGroup;
			children = (
				714FE4A81FB30A0800F1B750 /* Base */,
			);
			name = LaunchScreen.storyboard;
			sourceTree = "<group>";
		};
/* End PBXVariantGroup section */

/* Begin XCBuildConfiguration section */
		714FE4AB1FB30A0800F1B750 /* Debug */ = {
			isa = XCBuildConfiguration;
			buildSettings = {
				ALWAYS_SEARCH_USER_PATHS = NO;
				CLANG_ANALYZER_NONNULL = YES;
				CLANG_ANALYZER_NUMBER_OBJECT_CONVERSION = YES_AGGRESSIVE;
				CLANG_CXX_LANGUAGE_STANDARD = "gnu++14";
				CLANG_CXX_LIBRARY = "libc++";
				CLANG_ENABLE_MODULES = YES;
				CLANG_ENABLE_OBJC_ARC = YES;
				CLANG_WARN_BLOCK_CAPTURE_AUTORELEASING = YES;
				CLANG_WARN_BOOL_CONVERSION = YES;
				CLANG_WARN_COMMA = YES;
				CLANG_WARN_CONSTANT_CONVERSION = YES;
				CLANG_WARN_DIRECT_OBJC_ISA_USAGE = YES_ERROR;
				CLANG_WARN_DOCUMENTATION_COMMENTS = YES;
				CLANG_WARN_EMPTY_BODY = YES;
				CLANG_WARN_ENUM_CONVERSION = YES;
				CLANG_WARN_INFINITE_RECURSION = YES;
				CLANG_WARN_INT_CONVERSION = YES;
				CLANG_WARN_NON_LITERAL_NULL_CONVERSION = YES;
				CLANG_WARN_OBJC_LITERAL_CONVERSION = YES;
				CLANG_WARN_OBJC_ROOT_CLASS = YES_ERROR;
				CLANG_WARN_RANGE_LOOP_ANALYSIS = YES;
				CLANG_WARN_STRICT_PROTOTYPES = YES;
				CLANG_WARN_SUSPICIOUS_MOVE = YES;
				CLANG_WARN_UNGUARDED_AVAILABILITY = YES_AGGRESSIVE;
				CLANG_WARN_UNREACHABLE_CODE = YES;
				CLANG_WARN__DUPLICATE_METHOD_MATCH = YES;
				CODE_SIGN_IDENTITY = "iPhone Developer";
				COPY_PHASE_STRIP = NO;
				DEBUG_INFORMATION_FORMAT = dwarf;
				ENABLE_STRICT_OBJC_MSGSEND = YES;
				ENABLE_TESTABILITY = YES;
				GCC_C_LANGUAGE_STANDARD = gnu11;
				GCC_DYNAMIC_NO_PIC = NO;
				GCC_NO_COMMON_BLOCKS = YES;
				GCC_OPTIMIZATION_LEVEL = 0;
				GCC_PREPROCESSOR_DEFINITIONS = (
					"DEBUG=1",
					"$(inherited)",
				);
				GCC_WARN_64_TO_32_BIT_CONVERSION = YES;
				GCC_WARN_ABOUT_RETURN_TYPE = YES_ERROR;
				GCC_WARN_UNDECLARED_SELECTOR = YES;
				GCC_WARN_UNINITIALIZED_AUTOS = YES_AGGRESSIVE;
				GCC_WARN_UNUSED_FUNCTION = YES;
				GCC_WARN_UNUSED_VARIABLE = YES;
				IPHONEOS_DEPLOYMENT_TARGET = 11.1;
				MTL_ENABLE_DEBUG_INFO = YES;
				ONLY_ACTIVE_ARCH = YES;
				SDKROOT = iphoneos;
				SWIFT_ACTIVE_COMPILATION_CONDITIONS = DEBUG;
				SWIFT_OPTIMIZATION_LEVEL = "-Onone";
			};
			name = Debug;
		};
		714FE4AC1FB30A0800F1B750 /* Release */ = {
			isa = XCBuildConfiguration;
			buildSettings = {
				ALWAYS_SEARCH_USER_PATHS = NO;
				CLANG_ANALYZER_NONNULL = YES;
				CLANG_ANALYZER_NUMBER_OBJECT_CONVERSION = YES_AGGRESSIVE;
				CLANG_CXX_LANGUAGE_STANDARD = "gnu++14";
				CLANG_CXX_LIBRARY = "libc++";
				CLANG_ENABLE_MODULES = YES;
				CLANG_ENABLE_OBJC_ARC = YES;
				CLANG_WARN_BLOCK_CAPTURE_AUTORELEASING = YES;
				CLANG_WARN_BOOL_CONVERSION = YES;
				CLANG_WARN_COMMA = YES;
				CLANG_WARN_CONSTANT_CONVERSION = YES;
				CLANG_WARN_DIRECT_OBJC_ISA_USAGE = YES_ERROR;
				CLANG_WARN_DOCUMENTATION_COMMENTS = YES;
				CLANG_WARN_EMPTY_BODY = YES;
				CLANG_WARN_ENUM_CONVERSION = YES;
				CLANG_WARN_INFINITE_RECURSION = YES;
				CLANG_WARN_INT_CONVERSION = YES;
				CLANG_WARN_NON_LITERAL_NULL_CONVERSION = YES;
				CLANG_WARN_OBJC_LITERAL_CONVERSION = YES;
				CLANG_WARN_OBJC_ROOT_CLASS = YES_ERROR;
				CLANG_WARN_RANGE_LOOP_ANALYSIS = YES;
				CLANG_WARN_STRICT_PROTOTYPES = YES;
				CLANG_WARN_SUSPICIOUS_MOVE = YES;
				CLANG_WARN_UNGUARDED_AVAILABILITY = YES_AGGRESSIVE;
				CLANG_WARN_UNREACHABLE_CODE = YES;
				CLANG_WARN__DUPLICATE_METHOD_MATCH = YES;
				CODE_SIGN_IDENTITY = "iPhone Developer";
				COPY_PHASE_STRIP = NO;
				DEBUG_INFORMATION_FORMAT = "dwarf-with-dsym";
				ENABLE_NS_ASSERTIONS = NO;
				ENABLE_STRICT_OBJC_MSGSEND = YES;
				GCC_C_LANGUAGE_STANDARD = gnu11;
				GCC_NO_COMMON_BLOCKS = YES;
				GCC_WARN_64_TO_32_BIT_CONVERSION = YES;
				GCC_WARN_ABOUT_RETURN_TYPE = YES_ERROR;
				GCC_WARN_UNDECLARED_SELECTOR = YES;
				GCC_WARN_UNINITIALIZED_AUTOS = YES_AGGRESSIVE;
				GCC_WARN_UNUSED_FUNCTION = YES;
				GCC_WARN_UNUSED_VARIABLE = YES;
				IPHONEOS_DEPLOYMENT_TARGET = 11.1;
				MTL_ENABLE_DEBUG_INFO = NO;
				SDKROOT = iphoneos;
				SWIFT_OPTIMIZATION_LEVEL = "-Owholemodule";
				VALIDATE_PRODUCT = YES;
			};
			name = Release;
		};
		714FE4AE1FB30A0800F1B750 /* Debug */ = {
			isa = XCBuildConfiguration;
			buildSettings = {
				ASSETCATALOG_COMPILER_APPICON_NAME = AppIcon;
				CODE_SIGN_STYLE = Automatic;
				INFOPLIST_FILE = "subclass-uitableviewcell/Info.plist";
				LD_RUNPATH_SEARCH_PATHS = "$(inherited) @executable_path/Frameworks";
				PRODUCT_BUNDLE_IDENTIFIER = "com.Swift.subclass-uitableviewcell";
				PRODUCT_NAME = "$(TARGET_NAME)";
				SWIFT_VERSION = 4.0;
				TARGETED_DEVICE_FAMILY = "1,2";
			};
			name = Debug;
		};
		714FE4AF1FB30A0800F1B750 /* Release */ = {
			isa = XCBuildConfiguration;
			buildSettings = {
				ASSETCATALOG_COMPILER_APPICON_NAME = AppIcon;
				CODE_SIGN_STYLE = Automatic;
				INFOPLIST_FILE = "subclass-uitableviewcell/Info.plist";
				LD_RUNPATH_SEARCH_PATHS = "$(inherited) @executable_path/Frameworks";
				PRODUCT_BUNDLE_IDENTIFIER = "com.Swift.subclass-uitableviewcell";
				PRODUCT_NAME = "$(TARGET_NAME)";
				SWIFT_VERSION = 4.0;
				TARGETED_DEVICE_FAMILY = "1,2";
			};
			name = Release;
		};
/* End XCBuildConfiguration section */

/* Begin XCConfigurationList section */
		714FE4961FB30A0800F1B750 /* Build configuration list for PBXProject "subclass-uitableviewcell" */ = {
			isa = XCConfigurationList;
			buildConfigurations = (
				714FE4AB1FB30A0800F1B750 /* Debug */,
				714FE4AC1FB30A0800F1B750 /* Release */,
			);
			defaultConfigurationIsVisible = 0;
			defaultConfigurationName = Release;
		};
		714FE4AD1FB30A0800F1B750 /* Build configuration list for PBXNativeTarget "subclass-uitableviewcell" */ = {
			isa = XCConfigurationList;
			buildConfigurations = (
				714FE4AE1FB30A0800F1B750 /* Debug */,
				714FE4AF1FB30A0800F1B750 /* Release */,
			);
			defaultConfigurationIsVisible = 0;
			defaultConfigurationName = Release;
		};
/* End XCConfigurationList section */
	};
	rootObject = 714FE4931FB30A0800F1B750 /* Project object */;
}
